// !$*UTF8*$!
{
	archiveVersion = 1;
	classes = {
	};
	objectVersion = 46;
	objects = {

/* Begin PBXBuildFile section */
		324D83461776FBFC00E4547A /* UIKit.framework in Frameworks */ = {isa = PBXBuildFile; fileRef = 324D83451776FBFC00E4547A /* UIKit.framework */; };
		324D83481776FBFC00E4547A /* Foundation.framework in Frameworks */ = {isa = PBXBuildFile; fileRef = 324D83471776FBFC00E4547A /* Foundation.framework */; };
		324D834A1776FBFC00E4547A /* CoreGraphics.framework in Frameworks */ = {isa = PBXBuildFile; fileRef = 324D83491776FBFC00E4547A /* CoreGraphics.framework */; };
		324D83501776FBFC00E4547A /* InfoPlist.strings in Resources */ = {isa = PBXBuildFile; fileRef = 324D834E1776FBFC00E4547A /* InfoPlist.strings */; };
		324D83521776FBFC00E4547A /* main.m in Sources */ = {isa = PBXBuildFile; fileRef = 324D83511776FBFC00E4547A /* main.m */; };
		324D83561776FBFC00E4547A /* AppDelegate.m in Sources */ = {isa = PBXBuildFile; fileRef = 324D83551776FBFC00E4547A /* AppDelegate.m */; };
		324D83581776FBFC00E4547A /* Default.png in Resources */ = {isa = PBXBuildFile; fileRef = 324D83571776FBFC00E4547A /* Default.png */; };
		324D835A1776FBFC00E4547A /* Default@2x.png in Resources */ = {isa = PBXBuildFile; fileRef = 324D83591776FBFC00E4547A /* Default@2x.png */; };
		324D835C1776FBFC00E4547A /* Default-568h@2x.png in Resources */ = {isa = PBXBuildFile; fileRef = 324D835B1776FBFC00E4547A /* Default-568h@2x.png */; };
		324D835F1776FBFC00E4547A /* RootViewController.m in Sources */ = {isa = PBXBuildFile; fileRef = 324D835E1776FBFC00E4547A /* RootViewController.m */; };
		324D83621776FBFC00E4547A /* DataViewController.m in Sources */ = {isa = PBXBuildFile; fileRef = 324D83611776FBFC00E4547A /* DataViewController.m */; };
		324D83651776FBFC00E4547A /* ModelController.m in Sources */ = {isa = PBXBuildFile; fileRef = 324D83641776FBFC00E4547A /* ModelController.m */; };
		324D83681776FBFC00E4547A /* MainStoryboard_iPhone.storyboard in Resources */ = {isa = PBXBuildFile; fileRef = 324D83661776FBFC00E4547A /* MainStoryboard_iPhone.storyboard */; };
		324D836B1776FBFC00E4547A /* MainStoryboard_iPad.storyboard in Resources */ = {isa = PBXBuildFile; fileRef = 324D83691776FBFC00E4547A /* MainStoryboard_iPad.storyboard */; };
/* End PBXBuildFile section */

/* Begin PBXFileReference section */
		324D83421776FBFC00E4547A /* appdemo.app */ = {isa = PBXFileReference; explicitFileType = wrapper.application; includeInIndex = 0; path = appdemo.app; sourceTree = BUILT_PRODUCTS_DIR; };
		324D83451776FBFC00E4547A /* UIKit.framework */ = {isa = PBXFileReference; lastKnownFileType = wrapper.framework; name = UIKit.framework; path = System/Library/Frameworks/UIKit.framework; sourceTree = SDKROOT; };
		324D83471776FBFC00E4547A /* Foundation.framework */ = {isa = PBXFileReference; lastKnownFileType = wrapper.framework; name = Foundation.framework; path = System/Library/Frameworks/Foundation.framework; sourceTree = SDKROOT; };
		324D83491776FBFC00E4547A /* CoreGraphics.framework */ = {isa = PBXFileReference; lastKnownFileType = wrapper.framework; name = CoreGraphics.framework; path = System/Library/Frameworks/CoreGraphics.framework; sourceTree = SDKROOT; };
		324D834D1776FBFC00E4547A /* appdemo-Info.plist */ = {isa = PBXFileReference; lastKnownFileType = text.plist.xml; path = "appdemo-Info.plist"; sourceTree = "<group>"; };
		324D834F1776FBFC00E4547A /* en */ = {isa = PBXFileReference; lastKnownFileType = text.plist.strings; name = en; path = en.lproj/InfoPlist.strings; sourceTree = "<group>"; };
		324D83511776FBFC00E4547A /* main.m */ = {isa = PBXFileReference; lastKnownFileType = sourcecode.c.objc; path = main.m; sourceTree = "<group>"; };
		324D83531776FBFC00E4547A /* appdemo-Prefix.pch */ = {isa = PBXFileReference; lastKnownFileType = sourcecode.c.h; path = "appdemo-Prefix.pch"; sourceTree = "<group>"; };
		324D83541776FBFC00E4547A /* AppDelegate.h */ = {isa = PBXFileReference; lastKnownFileType = sourcecode.c.h; path = AppDelegate.h; sourceTree = "<group>"; };
		324D83551776FBFC00E4547A /* AppDelegate.m */ = {isa = PBXFileReference; lastKnownFileType = sourcecode.c.objc; path = AppDelegate.m; sourceTree = "<group>"; };
		324D83571776FBFC00E4547A /* Default.png */ = {isa = PBXFileReference; lastKnownFileType = image.png; path = Default.png; sourceTree = "<group>"; };
		324D83591776FBFC00E4547A /* Default@2x.png */ = {isa = PBXFileReference; lastKnownFileType = image.png; path = "Default@2x.png"; sourceTree = "<group>"; };
		324D835B1776FBFC00E4547A /* Default-568h@2x.png */ = {isa = PBXFileReference; lastKnownFileType = image.png; path = "Default-568h@2x.png"; sourceTree = "<group>"; };
		324D835D1776FBFC00E4547A /* RootViewController.h */ = {isa = PBXFileReference; lastKnownFileType = sourcecode.c.h; path = RootViewController.h; sourceTree = "<group>"; };
		324D835E1776FBFC00E4547A /* RootViewController.m */ = {isa = PBXFileReference; lastKnownFileType = sourcecode.c.objc; path = RootViewController.m; sourceTree = "<group>"; };
		324D83601776FBFC00E4547A /* DataViewController.h */ = {isa = PBXFileReference; lastKnownFileType = sourcecode.c.h; path = DataViewController.h; sourceTree = "<group>"; };
		324D83611776FBFC00E4547A /* DataViewController.m */ = {isa = PBXFileReference; lastKnownFileType = sourcecode.c.objc; path = DataViewController.m; sourceTree = "<group>"; };
		324D83631776FBFC00E4547A /* ModelController.h */ = {isa = PBXFileReference; lastKnownFileType = sourcecode.c.h; path = ModelController.h; sourceTree = "<group>"; };
		324D83641776FBFC00E4547A /* ModelController.m */ = {isa = PBXFileReference; lastKnownFileType = sourcecode.c.objc; path = ModelController.m; sourceTree = "<group>"; };
		324D83671776FBFC00E4547A /* en */ = {isa = PBXFileReference; lastKnownFileType = file.storyboard; name = en; path = en.lproj/MainStoryboard_iPhone.storyboard; sourceTree = "<group>"; };
		324D836A1776FBFC00E4547A /* en */ = {isa = PBXFileReference; lastKnownFileType = file.storyboard; name = en; path = en.lproj/MainStoryboard_iPad.storyboard; sourceTree = "<group>"; };
/* End PBXFileReference section */

/* Begin PBXFrameworksBuildPhase section */
		324D833F1776FBFC00E4547A /* Frameworks */ = {
			isa = PBXFrameworksBuildPhase;
			buildActionMask = 2147483647;
			files = (
				324D83461776FBFC00E4547A /* UIKit.framework in Frameworks */,
				324D83481776FBFC00E4547A /* Foundation.framework in Frameworks */,
				324D834A1776FBFC00E4547A /* CoreGraphics.framework in Frameworks */,
			);
			runOnlyForDeploymentPostprocessing = 0;
		};
/* End PBXFrameworksBuildPhase section */

/* Begin PBXGroup section */
		324D83391776FBFC00E4547A = {
			isa = PBXGroup;
			children = (
				324D834B1776FBFC00E4547A /* appdemo */,
				324D83441776FBFC00E4547A /* Frameworks */,
				324D83431776FBFC00E4547A /* Products */,
			);
			sourceTree = "<group>";
		};
		324D83431776FBFC00E4547A /* Products */ = {
			isa = PBXGroup;
			children = (
				324D83421776FBFC00E4547A /* appdemo.app */,
			);
			name = Products;
			sourceTree = "<group>";
		};
		324D83441776FBFC00E4547A /* Frameworks */ = {
			isa = PBXGroup;
			children = (
				324D83451776FBFC00E4547A /* UIKit.framework */,
				324D83471776FBFC00E4547A /* Foundation.framework */,
				324D83491776FBFC00E4547A /* CoreGraphics.framework */,
			);
			name = Frameworks;
			sourceTree = "<group>";
		};
		324D834B1776FBFC00E4547A /* appdemo */ = {
			isa = PBXGroup;
			children = (
				324D83541776FBFC00E4547A /* AppDelegate.h */,
				324D83551776FBFC00E4547A /* AppDelegate.m */,
				324D835D1776FBFC00E4547A /* RootViewController.h */,
				324D835E1776FBFC00E4547A /* RootViewController.m */,
				324D83601776FBFC00E4547A /* DataViewController.h */,
				324D83611776FBFC00E4547A /* DataViewController.m */,
				324D83631776FBFC00E4547A /* ModelController.h */,
				324D83641776FBFC00E4547A /* ModelController.m */,
				324D83661776FBFC00E4547A /* MainStoryboard_iPhone.storyboard */,
				324D83691776FBFC00E4547A /* MainStoryboard_iPad.storyboard */,
				324D834C1776FBFC00E4547A /* Supporting Files */,
			);
			path = appdemo;
			sourceTree = "<group>";
		};
		324D834C1776FBFC00E4547A /* Supporting Files */ = {
			isa = PBXGroup;
			children = (
				324D834D1776FBFC00E4547A /* appdemo-Info.plist */,
				324D834E1776FBFC00E4547A /* InfoPlist.strings */,
				324D83511776FBFC00E4547A /* main.m */,
				324D83531776FBFC00E4547A /* appdemo-Prefix.pch */,
				324D83571776FBFC00E4547A /* Default.png */,
				324D83591776FBFC00E4547A /* Default@2x.png */,
				324D835B1776FBFC00E4547A /* Default-568h@2x.png */,
			);
			name = "Supporting Files";
			sourceTree = "<group>";
		};
/* End PBXGroup section */

/* Begin PBXNativeTarget section */
		324D83411776FBFC00E4547A /* appdemo */ = {
			isa = PBXNativeTarget;
			buildConfigurationList = 324D836E1776FBFC00E4547A /* Build configuration list for PBXNativeTarget "appdemo" */;
			buildPhases = (
				324D833E1776FBFC00E4547A /* Sources */,
				324D833F1776FBFC00E4547A /* Frameworks */,
				324D83401776FBFC00E4547A /* Resources */,
			);
			buildRules = (
			);
			dependencies = (
			);
			name = appdemo;
			productName = appdemo;
			productReference = 324D83421776FBFC00E4547A /* appdemo.app */;
			productType = "com.apple.product-type.application";
		};
/* End PBXNativeTarget section */

/* Begin PBXProject section */
		324D833A1776FBFC00E4547A /* Project object */ = {
			isa = PBXProject;
			attributes = {
				LastUpgradeCheck = 0460;
				ORGANIZATIONNAME = "Weiwei Hu";
			};
			buildConfigurationList = 324D833D1776FBFC00E4547A /* Build configuration list for PBXProject "appdemo" */;
			compatibilityVersion = "Xcode 3.2";
			developmentRegion = English;
			hasScannedForEncodings = 0;
			knownRegions = (
				en,
			);
			mainGroup = 324D83391776FBFC00E4547A;
			productRefGroup = 324D83431776FBFC00E4547A /* Products */;
			projectDirPath = "";
			projectRoot = "";
			targets = (
				324D83411776FBFC00E4547A /* appdemo */,
			);
		};
/* End PBXProject section */

/* Begin PBXResourcesBuildPhase section */
		324D83401776FBFC00E4547A /* Resources */ = {
			isa = PBXResourcesBuildPhase;
			buildActionMask = 2147483647;
			files = (
				324D83501776FBFC00E4547A /* InfoPlist.strings in Resources */,
				324D83581776FBFC00E4547A /* Default.png in Resources */,
				324D835A1776FBFC00E4547A /* Default@2x.png in Resources */,
				324D835C1776FBFC00E4547A /* Default-568h@2x.png in Resources */,
				324D83681776FBFC00E4547A /* MainStoryboard_iPhone.storyboard in Resources */,
				324D836B1776FBFC00E4547A /* MainStoryboard_iPad.storyboard in Resources */,
			);
			runOnlyForDeploymentPostprocessing = 0;
		};
/* End PBXResourcesBuildPhase section */

/* Begin PBXSourcesBuildPhase section */
		324D833E1776FBFC00E4547A /* Sources */ = {
			isa = PBXSourcesBuildPhase;
			buildActionMask = 2147483647;
			files = (
				324D83521776FBFC00E4547A /* main.m in Sources */,
				324D83561776FBFC00E4547A /* AppDelegate.m in Sources */,
				324D835F1776FBFC00E4547A /* RootViewController.m in Sources */,
				324D83621776FBFC00E4547A /* DataViewController.m in Sources */,
				324D83651776FBFC00E4547A /* ModelController.m in Sources */,
			);
			runOnlyForDeploymentPostprocessing = 0;
		};
/* End PBXSourcesBuildPhase section */

/* Begin PBXVariantGroup section */
		324D834E1776FBFC00E4547A /* InfoPlist.strings */ = {
			isa = PBXVariantGroup;
			children = (
				324D834F1776FBFC00E4547A /* en */,
			);
			name = InfoPlist.strings;
			sourceTree = "<group>";
		};
		324D83661776FBFC00E4547A /* MainStoryboard_iPhone.storyboard */ = {
			isa = PBXVariantGroup;
			children = (
				324D83671776FBFC00E4547A /* en */,
			);
			name = MainStoryboard_iPhone.storyboard;
			sourceTree = "<group>";
		};
		324D83691776FBFC00E4547A /* MainStoryboard_iPad.storyboard */ = {
			isa = PBXVariantGroup;
			children = (
				324D836A1776FBFC00E4547A /* en */,
			);
			name = MainStoryboard_iPad.storyboard;
			sourceTree = "<group>";
		};
/* End PBXVariantGroup section */

/* Begin XCBuildConfiguration section */
		324D836C1776FBFC00E4547A /* Debug */ = {
			isa = XCBuildConfiguration;
			buildSettings = {
				ALWAYS_SEARCH_USER_PATHS = NO;
				CLANG_CXX_LANGUAGE_STANDARD = "gnu++0x";
				CLANG_CXX_LIBRARY = "libc++";
				CLANG_WARN_CONSTANT_CONVERSION = YES;
				CLANG_WARN_EMPTY_BODY = YES;
				CLANG_WARN_ENUM_CONVERSION = YES;
				CLANG_WARN_INT_CONVERSION = YES;
				CLANG_WARN__DUPLICATE_METHOD_MATCH = YES;
				"CODE_SIGN_IDENTITY[sdk=iphoneos*]" = "iPhone Developer";
				COPY_PHASE_STRIP = NO;
				GCC_C_LANGUAGE_STANDARD = gnu99;
				GCC_DYNAMIC_NO_PIC = NO;
				GCC_OPTIMIZATION_LEVEL = 0;
				GCC_PREPROCESSOR_DEFINITIONS = (
					"DEBUG=1",
					"$(inherited)",
				);
				GCC_SYMBOLS_PRIVATE_EXTERN = NO;
				GCC_WARN_ABOUT_RETURN_TYPE = YES;
				GCC_WARN_UNINITIALIZED_AUTOS = YES;
				GCC_WARN_UNUSED_VARIABLE = YES;
				IPHONEOS_DEPLOYMENT_TARGET = 6.1;
				ONLY_ACTIVE_ARCH = YES;
				SDKROOT = iphoneos;
				TARGETED_DEVICE_FAMILY = "1,2";
			};
			name = Debug;
		};
		324D836D1776FBFC00E4547A /* Release */ = {
			isa = XCBuildConfiguration;
			buildSettings = {
				ALWAYS_SEARCH_USER_PATHS = NO;
				CLANG_CXX_LANGUAGE_STANDARD = "gnu++0x";
				CLANG_CXX_LIBRARY = "libc++";
				CLANG_WARN_CONSTANT_CONVERSION = YES;
				CLANG_WARN_EMPTY_BODY = YES;
				CLANG_WARN_ENUM_CONVERSION = YES;
				CLANG_WARN_INT_CONVERSION = YES;
				CLANG_WARN__DUPLICATE_METHOD_MATCH = YES;
				"CODE_SIGN_IDENTITY[sdk=iphoneos*]" = "iPhone Developer";
				COPY_PHASE_STRIP = YES;
				GCC_C_LANGUAGE_STANDARD = gnu99;
				GCC_WARN_ABOUT_RETURN_TYPE = YES;
				GCC_WARN_UNINITIALIZED_AUTOS = YES;
				GCC_WARN_UNUSED_VARIABLE = YES;
				IPHONEOS_DEPLOYMENT_TARGET = 6.1;
				OTHER_CFLAGS = "-DNS_BLOCK_ASSERTIONS=1";
				SDKROOT = iphoneos;
				TARGETED_DEVICE_FAMILY = "1,2";
				VALIDATE_PRODUCT = YES;
			};
			name = Release;
		};
		324D836F1776FBFC00E4547A /* Debug */ = {
			isa = XCBuildConfiguration;
			buildSettings = {
				GCC_PRECOMPILE_PREFIX_HEADER = YES;
				GCC_PREFIX_HEADER = "appdemo/appdemo-Prefix.pch";
				INFOPLIST_FILE = "appdemo/appdemo-Info.plist";
				PRODUCT_NAME = "$(TARGET_NAME)";
				WRAPPER_EXTENSION = app;
			};
			name = Debug;
		};
		324D83701776FBFC00E4547A /* Release */ = {
			isa = XCBuildConfiguration;
			buildSettings = {
				GCC_PRECOMPILE_PREFIX_HEADER = YES;
				GCC_PREFIX_HEADER = "appdemo/appdemo-Prefix.pch";
				INFOPLIST_FILE = "appdemo/appdemo-Info.plist";
				PRODUCT_NAME = "$(TARGET_NAME)";
				WRAPPER_EXTENSION = app;
			};
			name = Release;
		};
/* End XCBuildConfiguration section */

/* Begin XCConfigurationList section */
		324D833D1776FBFC00E4547A /* Build configuration list for PBXProject "appdemo" */ = {
			isa = XCConfigurationList;
			buildConfigurations = (
				324D836C1776FBFC00E4547A /* Debug */,
				324D836D1776FBFC00E4547A /* Release */,
			);
			defaultConfigurationIsVisible = 0;
			defaultConfigurationName = Release;
		};
		324D836E1776FBFC00E4547A /* Build configuration list for PBXNativeTarget "appdemo" */ = {
			isa = XCConfigurationList;
			buildConfigurations = (
				324D836F1776FBFC00E4547A /* Debug */,
				324D83701776FBFC00E4547A /* Release */,
			);
			defaultConfigurationIsVisible = 0;
		};
/* End XCConfigurationList section */
	};
	rootObject = 324D833A1776FBFC00E4547A /* Project object */;
}
